
Microsoft Visual Studio Solution File, Format Version 12.00
# Visual Studio Version 17
VisualStudioVersion = 17.11.35312.102
MinimumVisualStudioVersion = 10.0.40219.1
Project("{8BC9CEB8-8B4A-11D0-8D11-00A0C91BC942}") = "StatsOfPlayers_DLL", "StatsOfPlayers_DLL.vcxproj", "{CE8768D0-23A6-4EF4-B55A-2F4958636E54}"
EndProject
Global
	GlobalSection(SolutionConfigurationPlatforms) = preSolution
		Debug|x64 = Debug|x64
		Debug|x86 = Debug|x86
		Release|x64 = Release|x64
		Release|x86 = Release|x86
	EndGlobalSection
	GlobalSection(ProjectConfigurationPlatforms) = postSolution
		{CE8768D0-23A6-4EF4-B55A-2F4958636E54}.Debug|x64.ActiveCfg = Debug|x64
		{CE8768D0-23A6-4EF4-B55A-2F4958636E54}.Debug|x64.Build.0 = Debug|x64
		{CE8768D0-23A6-4EF4-B55A-2F4958636E54}.Debug|x86.ActiveCfg = Debug|Win32
		{CE8768D0-23A6-4EF4-B55A-2F4958636E54}.Debug|x86.Build.0 = Debug|Win32
		{CE8768D0-23A6-4EF4-B55A-2F4958636E54}.Release|x64.ActiveCfg = Release|x64
		{CE8768D0-23A6-4EF4-B55A-2F4958636E54}.Release|x64.Build.0 = Release|x64
		{CE8768D0-23A6-4EF4-B55A-2F4958636E54}.Release|x86.ActiveCfg = Release|Win32
		{CE8768D0-23A6-4EF4-B55A-2F4958636E54}.Release|x86.Build.0 = Release|Win32
	EndGlobalSection
	GlobalSection(SolutionProperties) = preSolution
		HideSolutionNode = FALSE
	EndGlobalSection
	GlobalSection(ExtensibilityGlobals) = postSolution
		SolutionGuid = {102D1F82-AE15-4410-8838-A9607E93CFBE}
	EndGlobalSection
EndGlobal
